// !$*UTF8*$!
{
	archiveVersion = 1;
	classes = {
	};
	objectVersion = 50;
	objects = {

/* Begin PBXBuildFile section */
		178D85CA288A742B0078E7A4 /* File2.swift in Sources */ = {isa = PBXBuildFile; fileRef = 178D85C9288A742B0078E7A4 /* File2.swift */; };
		9D2D8C284FF864CD3EB5F9FF /* Pods_testcaculater.framework in Frameworks */ = {isa = PBXBuildFile; fileRef = 96A596C31C652070EC9DBB52 /* Pods_testcaculater.framework */; };
		B143EA862834DD420047EB62 /* main.m in Sources */ = {isa = PBXBuildFile; fileRef = B143EA852834DD420047EB62 /* main.m */; };
		B143EA8F2834F5960047EB62 /* test1.m in Sources */ = {isa = PBXBuildFile; fileRef = B143EA8E2834F5960047EB62 /* test1.m */; };
		B143EA9328350A2B0047EB62 /* File.swift in Sources */ = {isa = PBXBuildFile; fileRef = B143EA9228350A2B0047EB62 /* File.swift */; };
		B19F8884283F5B5500D0A372 /* test2.m in Sources */ = {isa = PBXBuildFile; fileRef = B19F8883283F5B5500D0A372 /* test2.m */; };
/* End PBXBuildFile section */

/* Begin PBXCopyFilesBuildPhase section */
		B143EA802834DD420047EB62 /* CopyFiles */ = {
			isa = PBXCopyFilesBuildPhase;
			buildActionMask = 2147483647;
			dstPath = /usr/share/man/man1/;
			dstSubfolderSpec = 0;
			files = (
			);
			runOnlyForDeploymentPostprocessing = 1;
		};
/* End PBXCopyFilesBuildPhase section */

/* Begin PBXFileReference section */
		178D85C9288A742B0078E7A4 /* File2.swift */ = {isa = PBXFileReference; lastKnownFileType = sourcecode.swift; path = File2.swift; sourceTree = "<group>"; };
		384500BD944A2EABEAEE98B5 /* Pods-testcaculater.debug.xcconfig */ = {isa = PBXFileReference; includeInIndex = 1; lastKnownFileType = text.xcconfig; name = "Pods-testcaculater.debug.xcconfig"; path = "Target Support Files/Pods-testcaculater/Pods-testcaculater.debug.xcconfig"; sourceTree = "<group>"; };
		7619A3FA51A49093A7C6AB81 /* Pods-testcaculater.release.xcconfig */ = {isa = PBXFileReference; includeInIndex = 1; lastKnownFileType = text.xcconfig; name = "Pods-testcaculater.release.xcconfig"; path = "Target Support Files/Pods-testcaculater/Pods-testcaculater.release.xcconfig"; sourceTree = "<group>"; };
		96A596C31C652070EC9DBB52 /* Pods_testcaculater.framework */ = {isa = PBXFileReference; explicitFileType = wrapper.framework; includeInIndex = 0; path = Pods_testcaculater.framework; sourceTree = BUILT_PRODUCTS_DIR; };
		B143EA822834DD420047EB62 /* testcaculater */ = {isa = PBXFileReference; explicitFileType = "compiled.mach-o.executable"; includeInIndex = 0; path = testcaculater; sourceTree = BUILT_PRODUCTS_DIR; };
		B143EA852834DD420047EB62 /* main.m */ = {isa = PBXFileReference; lastKnownFileType = sourcecode.c.objc; path = main.m; sourceTree = "<group>"; };
		B143EA8D2834F5960047EB62 /* test1.h */ = {isa = PBXFileReference; lastKnownFileType = sourcecode.c.h; path = test1.h; sourceTree = "<group>"; };
		B143EA8E2834F5960047EB62 /* test1.m */ = {isa = PBXFileReference; lastKnownFileType = sourcecode.c.objc; path = test1.m; sourceTree = "<group>"; };
		B143EA9128350A2B0047EB62 /* testcaculater-Bridging-Header.h */ = {isa = PBXFileReference; lastKnownFileType = sourcecode.c.h; path = "testcaculater-Bridging-Header.h"; sourceTree = "<group>"; };
		B143EA9228350A2B0047EB62 /* File.swift */ = {isa = PBXFileReference; lastKnownFileType = sourcecode.swift; path = File.swift; sourceTree = "<group>"; };
		B19F8882283F5B5500D0A372 /* test2.h */ = {isa = PBXFileReference; lastKnownFileType = sourcecode.c.h; path = test2.h; sourceTree = "<group>"; };
		B19F8883283F5B5500D0A372 /* test2.m */ = {isa = PBXFileReference; lastKnownFileType = sourcecode.c.objc; path = test2.m; sourceTree = "<group>"; };
/* End PBXFileReference section */

/* Begin PBXFrameworksBuildPhase section */
		B143EA7F2834DD420047EB62 /* Frameworks */ = {
			isa = PBXFrameworksBuildPhase;
			buildActionMask = 2147483647;
			files = (
				9D2D8C284FF864CD3EB5F9FF /* Pods_testcaculater.framework in Frameworks */,
			);
			runOnlyForDeploymentPostprocessing = 0;
		};
/* End PBXFrameworksBuildPhase section */

/* Begin PBXGroup section */
		3C04F071B6CBA87C5159F0A1 /* Pods */ = {
			isa = PBXGroup;
			children = (
				384500BD944A2EABEAEE98B5 /* Pods-testcaculater.debug.xcconfig */,
				7619A3FA51A49093A7C6AB81 /* Pods-testcaculater.release.xcconfig */,
			);
			name = Pods;
			path = Pods;
			sourceTree = "<group>";
		};
		B143EA792834DD420047EB62 = {
			isa = PBXGroup;
			children = (
				B143EA842834DD420047EB62 /* testcaculater */,
				B143EA832834DD420047EB62 /* Products */,
				3C04F071B6CBA87C5159F0A1 /* Pods */,
				EDCA4EB4CD452237C5E9D86B /* Frameworks */,
			);
			sourceTree = "<group>";
		};
		B143EA832834DD420047EB62 /* Products */ = {
			isa = PBXGroup;
			children = (
				B143EA822834DD420047EB62 /* testcaculater */,
			);
			name = Products;
			sourceTree = "<group>";
		};
		B143EA842834DD420047EB62 /* testcaculater */ = {
			isa = PBXGroup;
			children = (
				B143EA852834DD420047EB62 /* main.m */,
				B143EA8D2834F5960047EB62 /* test1.h */,
				B143EA8E2834F5960047EB62 /* test1.m */,
				B19F8882283F5B5500D0A372 /* test2.h */,
				B19F8883283F5B5500D0A372 /* test2.m */,
				B143EA9228350A2B0047EB62 /* File.swift */,
				178D85C9288A742B0078E7A4 /* File2.swift */,
				B143EA9128350A2B0047EB62 /* testcaculater-Bridging-Header.h */,
			);
			path = testcaculater;
			sourceTree = "<group>";
		};
		EDCA4EB4CD452237C5E9D86B /* Frameworks */ = {
			isa = PBXGroup;
			children = (
				96A596C31C652070EC9DBB52 /* Pods_testcaculater.framework */,
			);
			name = Frameworks;
			sourceTree = "<group>";
		};
/* End PBXGroup section */

/* Begin PBXNativeTarget section */
		B143EA812834DD420047EB62 /* testcaculater */ = {
			isa = PBXNativeTarget;
			buildConfigurationList = B143EA892834DD420047EB62 /* Build configuration list for PBXNativeTarget "testcaculater" */;
			buildPhases = (
				801AC5301720D764B2F82E0D /* [CP] Check Pods Manifest.lock */,
				B143EA7E2834DD420047EB62 /* Sources */,
				B143EA7F2834DD420047EB62 /* Frameworks */,
				B143EA802834DD420047EB62 /* CopyFiles */,
			);
			buildRules = (
			);
			dependencies = (
			);
			name = testcaculater;
			productName = testcaculater;
			productReference = B143EA822834DD420047EB62 /* testcaculater */;
			productType = "com.apple.product-type.tool";
		};
/* End PBXNativeTarget section */

/* Begin PBXProject section */
		B143EA7A2834DD420047EB62 /* Project object */ = {
			isa = PBXProject;
			attributes = {
				LastUpgradeCheck = 1240;
				TargetAttributes = {
					B143EA812834DD420047EB62 = {
						CreatedOnToolsVersion = 12.4;
						LastSwiftMigration = 1240;
					};
				};
			};
			buildConfigurationList = B143EA7D2834DD420047EB62 /* Build configuration list for PBXProject "testcaculater" */;
			compatibilityVersion = "Xcode 9.3";
			developmentRegion = en;
			hasScannedForEncodings = 0;
			knownRegions = (
				en,
				Base,
			);
			mainGroup = B143EA792834DD420047EB62;
			productRefGroup = B143EA832834DD420047EB62 /* Products */;
			projectDirPath = "";
			projectRoot = "";
			targets = (
				B143EA812834DD420047EB62 /* testcaculater */,
			);
		};
/* End PBXProject section */

/* Begin PBXShellScriptBuildPhase section */
		801AC5301720D764B2F82E0D /* [CP] Check Pods Manifest.lock */ = {
			isa = PBXShellScriptBuildPhase;
			buildActionMask = 2147483647;
			files = (
			);
			inputFileListPaths = (
			);
			inputPaths = (
				"${PODS_PODFILE_DIR_PATH}/Podfile.lock",
				"${PODS_ROOT}/Manifest.lock",
			);
			name = "[CP] Check Pods Manifest.lock";
			outputFileListPaths = (
			);
			outputPaths = (
				"$(DERIVED_FILE_DIR)/Pods-testcaculater-checkManifestLockResult.txt",
			);
			runOnlyForDeploymentPostprocessing = 0;
			shellPath = /bin/sh;
			shellScript = "diff \"${PODS_PODFILE_DIR_PATH}/Podfile.lock\" \"${PODS_ROOT}/Manifest.lock\" > /dev/null\nif [ $? != 0 ] ; then\n    # print error to STDERR\n    echo \"error: The sandbox is not in sync with the Podfile.lock. Run 'pod install' or update your CocoaPods installation.\" >&2\n    exit 1\nfi\n# This output is used by Xcode 'outputs' to avoid re-running this script phase.\necho \"SUCCESS\" > \"${SCRIPT_OUTPUT_FILE_0}\"\n";
			showEnvVarsInLog = 0;
		};
/* End PBXShellScriptBuildPhase section */

/* Begin PBXSourcesBuildPhase section */
		B143EA7E2834DD420047EB62 /* Sources */ = {
			isa = PBXSourcesBuildPhase;
			buildActionMask = 2147483647;
			files = (
				B19F8884283F5B5500D0A372 /* test2.m in Sources */,
				B143EA862834DD420047EB62 /* main.m in Sources */,
				B143EA9328350A2B0047EB62 /* File.swift in Sources */,
				B143EA8F2834F5960047EB62 /* test1.m in Sources */,
				178D85CA288A742B0078E7A4 /* File2.swift in Sources */,
			);
			runOnlyForDeploymentPostprocessing = 0;
		};
/* End PBXSourcesBuildPhase section */

/* Begin XCBuildConfiguration section */
		B143EA872834DD420047EB62 /* Debug */ = {
			isa = XCBuildConfiguration;
			buildSettings = {
				ALWAYS_SEARCH_USER_PATHS = NO;
				CLANG_ANALYZER_NONNULL = YES;
				CLANG_ANALYZER_NUMBER_OBJECT_CONVERSION = YES_AGGRESSIVE;
				CLANG_CXX_LANGUAGE_STANDARD = "gnu++14";
				CLANG_CXX_LIBRARY = "libc++";
				CLANG_ENABLE_MODULES = YES;
				CLANG_ENABLE_OBJC_ARC = YES;
				CLANG_ENABLE_OBJC_WEAK = YES;
				CLANG_WARN_BLOCK_CAPTURE_AUTORELEASING = YES;
				CLANG_WARN_BOOL_CONVERSION = YES;
				CLANG_WARN_COMMA = YES;
				CLANG_WARN_CONSTANT_CONVERSION = YES;
				CLANG_WARN_DEPRECATED_OBJC_IMPLEMENTATIONS = YES;
				CLANG_WARN_DIRECT_OBJC_ISA_USAGE = YES_ERROR;
				CLANG_WARN_DOCUMENTATION_COMMENTS = YES;
				CLANG_WARN_EMPTY_BODY = YES;
				CLANG_WARN_ENUM_CONVERSION = YES;
				CLANG_WARN_INFINITE_RECURSION = YES;
				CLANG_WARN_INT_CONVERSION = YES;
				CLANG_WARN_NON_LITERAL_NULL_CONVERSION = YES;
				CLANG_WARN_OBJC_IMPLICIT_RETAIN_SELF = YES;
				CLANG_WARN_OBJC_LITERAL_CONVERSION = YES;
				CLANG_WARN_OBJC_ROOT_CLASS = YES_ERROR;
				CLANG_WARN_QUOTED_INCLUDE_IN_FRAMEWORK_HEADER = YES;
				CLANG_WARN_RANGE_LOOP_ANALYSIS = YES;
				CLANG_WARN_STRICT_PROTOTYPES = YES;
				CLANG_WARN_SUSPICIOUS_MOVE = YES;
				CLANG_WARN_UNGUARDED_AVAILABILITY = YES_AGGRESSIVE;
				CLANG_WARN_UNREACHABLE_CODE = YES;
				CLANG_WARN__DUPLICATE_METHOD_MATCH = YES;
				COPY_PHASE_STRIP = NO;
				DEBUG_INFORMATION_FORMAT = dwarf;
				ENABLE_STRICT_OBJC_MSGSEND = YES;
				ENABLE_TESTABILITY = YES;
				GCC_C_LANGUAGE_STANDARD = gnu11;
				GCC_DYNAMIC_NO_PIC = NO;
				GCC_NO_COMMON_BLOCKS = YES;
				GCC_OPTIMIZATION_LEVEL = 0;
				GCC_PREPROCESSOR_DEFINITIONS = (
					"DEBUG=1",
					"$(inherited)",
				);
				GCC_WARN_64_TO_32_BIT_CONVERSION = YES;
				GCC_WARN_ABOUT_RETURN_TYPE = YES_ERROR;
				GCC_WARN_UNDECLARED_SELECTOR = YES;
				GCC_WARN_UNINITIALIZED_AUTOS = YES_AGGRESSIVE;
				GCC_WARN_UNUSED_FUNCTION = YES;
				GCC_WARN_UNUSED_VARIABLE = YES;
				MACOSX_DEPLOYMENT_TARGET = 10.15;
				MTL_ENABLE_DEBUG_INFO = INCLUDE_SOURCE;
				MTL_FAST_MATH = YES;
				ONLY_ACTIVE_ARCH = YES;
				SDKROOT = macosx;
			};
			name = Debug;
		};
		B143EA882834DD420047EB62 /* Release */ = {
			isa = XCBuildConfiguration;
			buildSettings = {
				ALWAYS_SEARCH_USER_PATHS = NO;
				CLANG_ANALYZER_NONNULL = YES;
				CLANG_ANALYZER_NUMBER_OBJECT_CONVERSION = YES_AGGRESSIVE;
				CLANG_CXX_LANGUAGE_STANDARD = "gnu++14";
				CLANG_CXX_LIBRARY = "libc++";
				CLANG_ENABLE_MODULES = YES;
				CLANG_ENABLE_OBJC_ARC = YES;
				CLANG_ENABLE_OBJC_WEAK = YES;
				CLANG_WARN_BLOCK_CAPTURE_AUTORELEASING = YES;
				CLANG_WARN_BOOL_CONVERSION = YES;
				CLANG_WARN_COMMA = YES;
				CLANG_WARN_CONSTANT_CONVERSION = YES;
				CLANG_WARN_DEPRECATED_OBJC_IMPLEMENTATIONS = YES;
				CLANG_WARN_DIRECT_OBJC_ISA_USAGE = YES_ERROR;
				CLANG_WARN_DOCUMENTATION_COMMENTS = YES;
				CLANG_WARN_EMPTY_BODY = YES;
				CLANG_WARN_ENUM_CONVERSION = YES;
				CLANG_WARN_INFINITE_RECURSION = YES;
				CLANG_WARN_INT_CONVERSION = YES;
				CLANG_WARN_NON_LITERAL_NULL_CONVERSION = YES;
				CLANG_WARN_OBJC_IMPLICIT_RETAIN_SELF = YES;
				CLANG_WARN_OBJC_LITERAL_CONVERSION = YES;
				CLANG_WARN_OBJC_ROOT_CLASS = YES_ERROR;
				CLANG_WARN_QUOTED_INCLUDE_IN_FRAMEWORK_HEADER = YES;
				CLANG_WARN_RANGE_LOOP_ANALYSIS = YES;
				CLANG_WARN_STRICT_PROTOTYPES = YES;
				CLANG_WARN_SUSPICIOUS_MOVE = YES;
				CLANG_WARN_UNGUARDED_AVAILABILITY = YES_AGGRESSIVE;
				CLANG_WARN_UNREACHABLE_CODE = YES;
				CLANG_WARN__DUPLICATE_METHOD_MATCH = YES;
				COPY_PHASE_STRIP = NO;
				DEBUG_INFORMATION_FORMAT = "dwarf-with-dsym";
				ENABLE_NS_ASSERTIONS = NO;
				ENABLE_STRICT_OBJC_MSGSEND = YES;
				GCC_C_LANGUAGE_STANDARD = gnu11;
				GCC_NO_COMMON_BLOCKS = YES;
				GCC_WARN_64_TO_32_BIT_CONVERSION = YES;
				GCC_WARN_ABOUT_RETURN_TYPE = YES_ERROR;
				GCC_WARN_UNDECLARED_SELECTOR = YES;
				GCC_WARN_UNINITIALIZED_AUTOS = YES_AGGRESSIVE;
				GCC_WARN_UNUSED_FUNCTION = YES;
				GCC_WARN_UNUSED_VARIABLE = YES;
				MACOSX_DEPLOYMENT_TARGET = 10.15;
				MTL_ENABLE_DEBUG_INFO = NO;
				MTL_FAST_MATH = YES;
				SDKROOT = macosx;
			};
			name = Release;
		};
		B143EA8A2834DD420047EB62 /* Debug */ = {
			isa = XCBuildConfiguration;
			baseConfigurationReference = 384500BD944A2EABEAEE98B5 /* Pods-testcaculater.debug.xcconfig */;
			buildSettings = {
				CLANG_ENABLE_MODULES = YES;
				CODE_SIGN_STYLE = Automatic;
				DEFINES_MODULE = YES;
				LD_GENERATE_MAP_FILE = YES;
				LD_MAP_FILE_PATH = "$(TARGET_TEMP_DIR)/$(PRODUCT_NAME)-LinkMap-$(CURRENT_VARIANT)-$(CURRENT_ARCH).txt";
				LD_RUNPATH_SEARCH_PATHS = (
					"$(inherited)",
					"@executable_path/../Frameworks",
					"@loader_path/../Frameworks",
				);
				PRODUCT_NAME = "$(TARGET_NAME)";
				SWIFT_OBJC_BRIDGING_HEADER = "testcaculater/testcaculater-Bridging-Header.h";
				SWIFT_OPTIMIZATION_LEVEL = "-Onone";
				SWIFT_VERSION = 5.0;
			};
			name = Debug;
		};
		B143EA8B2834DD420047EB62 /* Release */ = {
			isa = XCBuildConfiguration;
			baseConfigurationReference = 7619A3FA51A49093A7C6AB81 /* Pods-testcaculater.release.xcconfig */;
			buildSettings = {
				CLANG_ENABLE_MODULES = YES;
				CODE_SIGN_STYLE = Automatic;
				DEFINES_MODULE = YES;
				LD_GENERATE_MAP_FILE = YES;
				LD_RUNPATH_SEARCH_PATHS = (
					"$(inherited)",
					"@executable_path/../Frameworks",
					"@loader_path/../Frameworks",
				);
				PRODUCT_NAME = "$(TARGET_NAME)";
				SWIFT_OBJC_BRIDGING_HEADER = "testcaculater/testcaculater-Bridging-Header.h";
				SWIFT_VERSION = 5.0;
			};
			name = Release;
		};
/* End XCBuildConfiguration section */

/* Begin XCConfigurationList section */
		B143EA7D2834DD420047EB62 /* Build configuration list for PBXProject "testcaculater" */ = {
			isa = XCConfigurationList;
			buildConfigurations = (
				B143EA872834DD420047EB62 /* Debug */,
				B143EA882834DD420047EB62 /* Release */,
			);
			defaultConfigurationIsVisible = 0;
			defaultConfigurationName = Release;
		};
		B143EA892834DD420047EB62 /* Build configuration list for PBXNativeTarget "testcaculater" */ = {
			isa = XCConfigurationList;
			buildConfigurations = (
				B143EA8A2834DD420047EB62 /* Debug */,
				B143EA8B2834DD420047EB62 /* Release */,
			);
			defaultConfigurationIsVisible = 0;
			defaultConfigurationName = Release;
		};
/* End XCConfigurationList section */
	};
	rootObject = B143EA7A2834DD420047EB62 /* Project object */;
}
